
Microsoft Visual Studio Solution File, Format Version 12.00
# Visual Studio 15
VisualStudioVersion = 15.0.26124.0
MinimumVisualStudioVersion = 15.0.26124.0
Project("{FAE04EC0-301F-11D3-BF4B-00C04F79EFBC}") = "ProAgil.Api", "ProAgil.Api\ProAgil.Api.csproj", "{C17DCFA6-3C93-49AC-95FD-0F09AAF05B37}"
EndProject
Project("{FAE04EC0-301F-11D3-BF4B-00C04F79EFBC}") = "ProAgil.App", "ProAgil.App\ProAgil.App.csproj", "{322B6EE8-874C-484C-ADE9-0307D27F1A21}"
EndProject
Project("{FAE04EC0-301F-11D3-BF4B-00C04F79EFBC}") = "ProAgil.Web", "ProAgil.Web\ProAgil.Web.csproj", "{EF49BD07-7F91-42BE-95D3-327032E88BA4}"
EndProject
Global
	GlobalSection(SolutionConfigurationPlatforms) = preSolution
		Debug|Any CPU = Debug|Any CPU
		Debug|x64 = Debug|x64
		Debug|x86 = Debug|x86
		Release|Any CPU = Release|Any CPU
		Release|x64 = Release|x64
		Release|x86 = Release|x86
	EndGlobalSection
	GlobalSection(SolutionProperties) = preSolution
		HideSolutionNode = FALSE
	EndGlobalSection
	GlobalSection(ProjectConfigurationPlatforms) = postSolution
		{C17DCFA6-3C93-49AC-95FD-0F09AAF05B37}.Debug|Any CPU.ActiveCfg = Debug|Any CPU
		{C17DCFA6-3C93-49AC-95FD-0F09AAF05B37}.Debug|Any CPU.Build.0 = Debug|Any CPU
		{C17DCFA6-3C93-49AC-95FD-0F09AAF05B37}.Debug|x64.ActiveCfg = Debug|Any CPU
		{C17DCFA6-3C93-49AC-95FD-0F09AAF05B37}.Debug|x64.Build.0 = Debug|Any CPU
		{C17DCFA6-3C93-49AC-95FD-0F09AAF05B37}.Debug|x86.ActiveCfg = Debug|Any CPU
		{C17DCFA6-3C93-49AC-95FD-0F09AAF05B37}.Debug|x86.Build.0 = Debug|Any CPU
		{C17DCFA6-3C93-49AC-95FD-0F09AAF05B37}.Release|Any CPU.ActiveCfg = Release|Any CPU
		{C17DCFA6-3C93-49AC-95FD-0F09AAF05B37}.Release|Any CPU.Build.0 = Release|Any CPU
		{C17DCFA6-3C93-49AC-95FD-0F09AAF05B37}.Release|x64.ActiveCfg = Release|Any CPU
		{C17DCFA6-3C93-49AC-95FD-0F09AAF05B37}.Release|x64.Build.0 = Release|Any CPU
		{C17DCFA6-3C93-49AC-95FD-0F09AAF05B37}.Release|x86.ActiveCfg = Release|Any CPU
		{C17DCFA6-3C93-49AC-95FD-0F09AAF05B37}.Release|x86.Build.0 = Release|Any CPU
		{322B6EE8-874C-484C-ADE9-0307D27F1A21}.Debug|Any CPU.ActiveCfg = Debug|Any CPU
		{322B6EE8-874C-484C-ADE9-0307D27F1A21}.Debug|Any CPU.Build.0 = Debug|Any CPU
		{322B6EE8-874C-484C-ADE9-0307D27F1A21}.Debug|x64.ActiveCfg = Debug|Any CPU
		{322B6EE8-874C-484C-ADE9-0307D27F1A21}.Debug|x64.Build.0 = Debug|Any CPU
		{322B6EE8-874C-484C-ADE9-0307D27F1A21}.Debug|x86.ActiveCfg = Debug|Any CPU
		{322B6EE8-874C-484C-ADE9-0307D27F1A21}.Debug|x86.Build.0 = Debug|Any CPU
		{322B6EE8-874C-484C-ADE9-0307D27F1A21}.Release|Any CPU.ActiveCfg = Release|Any CPU
		{322B6EE8-874C-484C-ADE9-0307D27F1A21}.Release|Any CPU.Build.0 = Release|Any CPU
		{322B6EE8-874C-484C-ADE9-0307D27F1A21}.Release|x64.ActiveCfg = Release|Any CPU
		{322B6EE8-874C-484C-ADE9-0307D27F1A21}.Release|x64.Build.0 = Release|Any CPU
		{322B6EE8-874C-484C-ADE9-0307D27F1A21}.Release|x86.ActiveCfg = Release|Any CPU
		{322B6EE8-874C-484C-ADE9-0307D27F1A21}.Release|x86.Build.0 = Release|Any CPU
		{EF49BD07-7F91-42BE-95D3-327032E88BA4}.Debug|Any CPU.ActiveCfg = Debug|Any CPU
		{EF49BD07-7F91-42BE-95D3-327032E88BA4}.Debug|Any CPU.Build.0 = Debug|Any CPU
		{EF49BD07-7F91-42BE-95D3-327032E88BA4}.Debug|x64.ActiveCfg = Debug|Any CPU
		{EF49BD07-7F91-42BE-95D3-327032E88BA4}.Debug|x64.Build.0 = Debug|Any CPU
		{EF49BD07-7F91-42BE-95D3-327032E88BA4}.Debug|x86.ActiveCfg = Debug|Any CPU
		{EF49BD07-7F91-42BE-95D3-327032E88BA4}.Debug|x86.Build.0 = Debug|Any CPU
		{EF49BD07-7F91-42BE-95D3-327032E88BA4}.Release|Any CPU.ActiveCfg = Release|Any CPU
		{EF49BD07-7F91-42BE-95D3-327032E88BA4}.Release|Any CPU.Build.0 = Release|Any CPU
		{EF49BD07-7F91-42BE-95D3-327032E88BA4}.Release|x64.ActiveCfg = Release|Any CPU
		{EF49BD07-7F91-42BE-95D3-327032E88BA4}.Release|x64.Build.0 = Release|Any CPU
		{EF49BD07-7F91-42BE-95D3-327032E88BA4}.Release|x86.ActiveCfg = Release|Any CPU
		{EF49BD07-7F91-42BE-95D3-327032E88BA4}.Release|x86.Build.0 = Release|Any CPU
	EndGlobalSection
EndGlobal
